
Microsoft Visual Studio Solution File, Format Version 12.00
# Visual Studio Version 17
VisualStudioVersion = 17.0.31903.59
MinimumVisualStudioVersion = 10.0.40219.1
Project("{FAE04EC0-301F-11D3-BF4B-00C04F79EFBC}") = "Tomat.TML.TestMod", "Tomat.TML.TestMod\Tomat.TML.TestMod.csproj", "{E770035A-4CF3-4940-9CF8-0C62F1293BE2}"
EndProject
Project("{FAE04EC0-301F-11D3-BF4B-00C04F79EFBC}") = "Tomat.TML.Build.Common", "Tomat.TML.Build.Common\Tomat.TML.Build.Common.csproj", "{313364CF-A392-47AC-82CF-3AE8017DC6AB}"
EndProject
Project("{FAE04EC0-301F-11D3-BF4B-00C04F79EFBC}") = "Tomat.TML.Build.Cli", "Tomat.TML.Build.Cli\Tomat.TML.Build.Cli.csproj", "{6A32D57B-9E02-4BF0-96FC-54BAE32902F3}"
EndProject
Project("{FAE04EC0-301F-11D3-BF4B-00C04F79EFBC}") = "Tomat.Terraria.ModLoader.Sdk", "Tomat.Terraria.ModLoader.Sdk\Tomat.Terraria.ModLoader.Sdk.csproj", "{980B7995-1B76-4CDF-A2EA-C293A2493E2E}"
EndProject
Project("{FAE04EC0-301F-11D3-BF4B-00C04F79EFBC}") = "Tomat.TML.Build.MSBuild", "Tomat.TML.Build.MSBuild\Tomat.TML.Build.MSBuild.csproj", "{3DF732AC-6B5A-41FA-83FB-FBA9943A63A7}"
EndProject
Project("{FAE04EC0-301F-11D3-BF4B-00C04F79EFBC}") = "Tomat.Files", "Tomat.Files\Tomat.Files.csproj", "{DAF5D77E-2BE9-409F-B616-A1CCF5F8BEA8}"
EndProject
Project("{FAE04EC0-301F-11D3-BF4B-00C04F79EFBC}") = "LocalProjectRefresh", "LocalProjectRefresh\LocalProjectRefresh.csproj", "{D4FB7D8E-5497-4751-B487-6999DDF8BBDB}"
EndProject
Project("{FAE04EC0-301F-11D3-BF4B-00C04F79EFBC}") = "Tomat.TML.ClientBootstrap", "Tomat.TML.ClientBootstrap\Tomat.TML.ClientBootstrap.csproj", "{9E457F15-14A7-4DF4-AD71-FB92574122DF}"
EndProject
Project("{FAE04EC0-301F-11D3-BF4B-00C04F79EFBC}") = "Tomat.Parsing", "Tomat.Parsing\Tomat.Parsing.csproj", "{2247F0D8-8D4B-4DE7-AC91-D33E7C313203}"
EndProject
Project("{FAE04EC0-301F-11D3-BF4B-00C04F79EFBC}") = "Tomat.TML.Build.Analyzers", "Tomat.TML.Build.Analyzers\Tomat.TML.Build.Analyzers.csproj", "{D4A9A0B3-42AD-4EF8-B2CE-91AB2DAD48FF}"
EndProject
Project("{FAE04EC0-301F-11D3-BF4B-00C04F79EFBC}") = "Tomat.Terraria.ModLoader.Sdk.Analyzers", "Tomat.Terraria.ModLoader.Sdk.Analyzers\Tomat.Terraria.ModLoader.Sdk.Analyzers.csproj", "{E4DA8AA1-8DFF-4CE4-ADCB-EA7DCC98FA6B}"
EndProject
Global
	GlobalSection(SolutionConfigurationPlatforms) = preSolution
		Debug|Any CPU = Debug|Any CPU
		Release|Any CPU = Release|Any CPU
	EndGlobalSection
	GlobalSection(SolutionProperties) = preSolution
		HideSolutionNode = FALSE
	EndGlobalSection
	GlobalSection(ProjectConfigurationPlatforms) = postSolution
		{E770035A-4CF3-4940-9CF8-0C62F1293BE2}.Debug|Any CPU.ActiveCfg = Debug|Any CPU
		{E770035A-4CF3-4940-9CF8-0C62F1293BE2}.Debug|Any CPU.Build.0 = Debug|Any CPU
		{E770035A-4CF3-4940-9CF8-0C62F1293BE2}.Release|Any CPU.ActiveCfg = Release|Any CPU
		{E770035A-4CF3-4940-9CF8-0C62F1293BE2}.Release|Any CPU.Build.0 = Release|Any CPU
		{313364CF-A392-47AC-82CF-3AE8017DC6AB}.Debug|Any CPU.ActiveCfg = Debug|Any CPU
		{313364CF-A392-47AC-82CF-3AE8017DC6AB}.Debug|Any CPU.Build.0 = Debug|Any CPU
		{313364CF-A392-47AC-82CF-3AE8017DC6AB}.Release|Any CPU.ActiveCfg = Release|Any CPU
		{313364CF-A392-47AC-82CF-3AE8017DC6AB}.Release|Any CPU.Build.0 = Release|Any CPU
		{6A32D57B-9E02-4BF0-96FC-54BAE32902F3}.Debug|Any CPU.ActiveCfg = Debug|Any CPU
		{6A32D57B-9E02-4BF0-96FC-54BAE32902F3}.Debug|Any CPU.Build.0 = Debug|Any CPU
		{6A32D57B-9E02-4BF0-96FC-54BAE32902F3}.Release|Any CPU.ActiveCfg = Release|Any CPU
		{6A32D57B-9E02-4BF0-96FC-54BAE32902F3}.Release|Any CPU.Build.0 = Release|Any CPU
		{980B7995-1B76-4CDF-A2EA-C293A2493E2E}.Debug|Any CPU.ActiveCfg = Debug|Any CPU
		{980B7995-1B76-4CDF-A2EA-C293A2493E2E}.Debug|Any CPU.Build.0 = Debug|Any CPU
		{980B7995-1B76-4CDF-A2EA-C293A2493E2E}.Release|Any CPU.ActiveCfg = Release|Any CPU
		{980B7995-1B76-4CDF-A2EA-C293A2493E2E}.Release|Any CPU.Build.0 = Release|Any CPU
		{3DF732AC-6B5A-41FA-83FB-FBA9943A63A7}.Debug|Any CPU.ActiveCfg = Debug|Any CPU
		{3DF732AC-6B5A-41FA-83FB-FBA9943A63A7}.Debug|Any CPU.Build.0 = Debug|Any CPU
		{3DF732AC-6B5A-41FA-83FB-FBA9943A63A7}.Release|Any CPU.ActiveCfg = Release|Any CPU
		{3DF732AC-6B5A-41FA-83FB-FBA9943A63A7}.Release|Any CPU.Build.0 = Release|Any CPU
		{DAF5D77E-2BE9-409F-B616-A1CCF5F8BEA8}.Debug|Any CPU.ActiveCfg = Debug|Any CPU
		{DAF5D77E-2BE9-409F-B616-A1CCF5F8BEA8}.Debug|Any CPU.Build.0 = Debug|Any CPU
		{DAF5D77E-2BE9-409F-B616-A1CCF5F8BEA8}.Release|Any CPU.ActiveCfg = Release|Any CPU
		{DAF5D77E-2BE9-409F-B616-A1CCF5F8BEA8}.Release|Any CPU.Build.0 = Release|Any CPU
		{D4FB7D8E-5497-4751-B487-6999DDF8BBDB}.Debug|Any CPU.ActiveCfg = Debug|Any CPU
		{D4FB7D8E-5497-4751-B487-6999DDF8BBDB}.Debug|Any CPU.Build.0 = Debug|Any CPU
		{D4FB7D8E-5497-4751-B487-6999DDF8BBDB}.Release|Any CPU.ActiveCfg = Release|Any CPU
		{D4FB7D8E-5497-4751-B487-6999DDF8BBDB}.Release|Any CPU.Build.0 = Release|Any CPU
		{9E457F15-14A7-4DF4-AD71-FB92574122DF}.Debug|Any CPU.ActiveCfg = Debug|Any CPU
		{9E457F15-14A7-4DF4-AD71-FB92574122DF}.Debug|Any CPU.Build.0 = Debug|Any CPU
		{9E457F15-14A7-4DF4-AD71-FB92574122DF}.Release|Any CPU.ActiveCfg = Release|Any CPU
		{9E457F15-14A7-4DF4-AD71-FB92574122DF}.Release|Any CPU.Build.0 = Release|Any CPU
		{2247F0D8-8D4B-4DE7-AC91-D33E7C313203}.Debug|Any CPU.ActiveCfg = Debug|Any CPU
		{2247F0D8-8D4B-4DE7-AC91-D33E7C313203}.Debug|Any CPU.Build.0 = Debug|Any CPU
		{2247F0D8-8D4B-4DE7-AC91-D33E7C313203}.Release|Any CPU.ActiveCfg = Release|Any CPU
		{2247F0D8-8D4B-4DE7-AC91-D33E7C313203}.Release|Any CPU.Build.0 = Release|Any CPU
		{D4A9A0B3-42AD-4EF8-B2CE-91AB2DAD48FF}.Debug|Any CPU.ActiveCfg = Debug|Any CPU
		{D4A9A0B3-42AD-4EF8-B2CE-91AB2DAD48FF}.Debug|Any CPU.Build.0 = Debug|Any CPU
		{D4A9A0B3-42AD-4EF8-B2CE-91AB2DAD48FF}.Release|Any CPU.ActiveCfg = Release|Any CPU
		{D4A9A0B3-42AD-4EF8-B2CE-91AB2DAD48FF}.Release|Any CPU.Build.0 = Release|Any CPU
		{E4DA8AA1-8DFF-4CE4-ADCB-EA7DCC98FA6B}.Debug|Any CPU.ActiveCfg = Debug|Any CPU
		{E4DA8AA1-8DFF-4CE4-ADCB-EA7DCC98FA6B}.Debug|Any CPU.Build.0 = Debug|Any CPU
		{E4DA8AA1-8DFF-4CE4-ADCB-EA7DCC98FA6B}.Release|Any CPU.ActiveCfg = Release|Any CPU
		{E4DA8AA1-8DFF-4CE4-ADCB-EA7DCC98FA6B}.Release|Any CPU.Build.0 = Release|Any CPU
	EndGlobalSection
EndGlobal
